// !$*UTF8*$!
{
	archiveVersion = 1;
	classes = {
	};
	objectVersion = 52;
	objects = {

/* Begin PBXBuildFile section */
		F408A220246DB680009B9203 /* ColoredSegmentViewCell.xib in Resources */ = {isa = PBXBuildFile; fileRef = F408A21F246DB680009B9203 /* ColoredSegmentViewCell.xib */; };
		F408A222246DC06B009B9203 /* CollectionViewHelpers.swift in Sources */ = {isa = PBXBuildFile; fileRef = F408A221246DC06B009B9203 /* CollectionViewHelpers.swift */; };
		F40FFA67246D3039008632CB /* MiniToolController.xib in Resources */ = {isa = PBXBuildFile; fileRef = F40FFA66246D3039008632CB /* MiniToolController.xib */; };
		F40FFA69246D3046008632CB /* MiniToolController.swift in Sources */ = {isa = PBXBuildFile; fileRef = F40FFA68246D3046008632CB /* MiniToolController.swift */; };
		F41327E1247FA53A00BC1228 /* BreachRouter.swift in Sources */ = {isa = PBXBuildFile; fileRef = F41327E0247FA53A00BC1228 /* BreachRouter.swift */; };
		F41327E3247FA5B400BC1228 /* BreachRouterTests.swift in Sources */ = {isa = PBXBuildFile; fileRef = F41327E2247FA5B400BC1228 /* BreachRouterTests.swift */; };
		F42C316B2465ADB20017DFF0 /* SegmentViewTest.swift in Sources */ = {isa = PBXBuildFile; fileRef = F42C316A2465ADB20017DFF0 /* SegmentViewTest.swift */; };
		F44A0F87247D75E600AA4AF6 /* WY Mini Tool Engine in Frameworks */ = {isa = PBXBuildFile; productRef = F44A0F86247D75E600AA4AF6 /* WY Mini Tool Engine */; };
		F459E9D72490CB9E005C1408 /* Hashable+Equtable.swift in Sources */ = {isa = PBXBuildFile; fileRef = F459E9D62490CB9E005C1408 /* Hashable+Equtable.swift */; };
		F47CD0BA245F462A00280E3B /* AppDelegate.swift in Sources */ = {isa = PBXBuildFile; fileRef = F47CD0B9245F462A00280E3B /* AppDelegate.swift */; };
		F47CD0C3245F462B00280E3B /* Assets.xcassets in Resources */ = {isa = PBXBuildFile; fileRef = F47CD0C2245F462B00280E3B /* Assets.xcassets */; };
		F47CD0C6245F462B00280E3B /* LaunchScreen.storyboard in Resources */ = {isa = PBXBuildFile; fileRef = F47CD0C4245F462B00280E3B /* LaunchScreen.storyboard */; };
		F47CD0D1245F462B00280E3B /* BreachViewControllerTest.swift in Sources */ = {isa = PBXBuildFile; fileRef = F47CD0D0245F462B00280E3B /* BreachViewControllerTest.swift */; };
		F4967843249E280700CA993D /* UIColor+Extension.swift in Sources */ = {isa = PBXBuildFile; fileRef = F4967842249E280700CA993D /* UIColor+Extension.swift */; };
		F4967845249E320000CA993D /* ColorProviders.swift in Sources */ = {isa = PBXBuildFile; fileRef = F4967844249E320000CA993D /* ColorProviders.swift */; };
		F4A06A5F246AB15500D37733 /* ColoredBreachViewController.swift in Sources */ = {isa = PBXBuildFile; fileRef = F4A06A5E246AB15500D37733 /* ColoredBreachViewController.swift */; };
		F4A06A61246AB24900D37733 /* ColoredBreachViewController.xib in Resources */ = {isa = PBXBuildFile; fileRef = F4A06A60246AB24900D37733 /* ColoredBreachViewController.xib */; };
		F4A06A64246AB6BF00D37733 /* ColoredSegment.swift in Sources */ = {isa = PBXBuildFile; fileRef = F4A06A63246AB6BF00D37733 /* ColoredSegment.swift */; };
		F4A649D1248966CC002569AE /* UIViewHelpers.swift in Sources */ = {isa = PBXBuildFile; fileRef = F4A649D0248966CC002569AE /* UIViewHelpers.swift */; };
		F4A7B306248576F70069114E /* BreachComposerTest.swift in Sources */ = {isa = PBXBuildFile; fileRef = F4A7B305248576F70069114E /* BreachComposerTest.swift */; };
		F4C0648024A0E6F500962F86 /* StringSegment.swift in Sources */ = {isa = PBXBuildFile; fileRef = F4C0647F24A0E6F500962F86 /* StringSegment.swift */; };
		F4C0648224A0E70A00962F86 /* Segment.swift in Sources */ = {isa = PBXBuildFile; fileRef = F4C0648124A0E70A00962F86 /* Segment.swift */; };
		F4CE4AD7246C6C2D00989B28 /* SwiftFormat in Frameworks */ = {isa = PBXBuildFile; productRef = F4CE4AD6246C6C2D00989B28 /* SwiftFormat */; };
		F4DCB935248B85A4006E2254 /* ColorProviderTest.swift in Sources */ = {isa = PBXBuildFile; fileRef = F4DCB934248B85A4006E2254 /* ColorProviderTest.swift */; };
		F4F00F59248443870007A7F9 /* ColoredBreachComposer.swift in Sources */ = {isa = PBXBuildFile; fileRef = F4F00F58248443870007A7F9 /* ColoredBreachComposer.swift */; };
		F4F845A32466BD320097B238 /* ColoredSegmentViewCell.swift in Sources */ = {isa = PBXBuildFile; fileRef = F4F845A22466BD320097B238 /* ColoredSegmentViewCell.swift */; };
/* End PBXBuildFile section */

/* Begin PBXContainerItemProxy section */
		F47CD0CD245F462B00280E3B /* PBXContainerItemProxy */ = {
			isa = PBXContainerItemProxy;
			containerPortal = F47CD0AE245F462A00280E3B /* Project object */;
			proxyType = 1;
			remoteGlobalIDString = F47CD0B5245F462A00280E3B;
			remoteInfo = "Mini Tool";
		};
/* End PBXContainerItemProxy section */

/* Begin PBXFileReference section */
		F408A21F246DB680009B9203 /* ColoredSegmentViewCell.xib */ = {isa = PBXFileReference; lastKnownFileType = file.xib; path = ColoredSegmentViewCell.xib; sourceTree = "<group>"; };
		F408A221246DC06B009B9203 /* CollectionViewHelpers.swift */ = {isa = PBXFileReference; lastKnownFileType = sourcecode.swift; path = CollectionViewHelpers.swift; sourceTree = "<group>"; };
		F40FFA66246D3039008632CB /* MiniToolController.xib */ = {isa = PBXFileReference; lastKnownFileType = file.xib; path = MiniToolController.xib; sourceTree = "<group>"; };
		F40FFA68246D3046008632CB /* MiniToolController.swift */ = {isa = PBXFileReference; lastKnownFileType = sourcecode.swift; path = MiniToolController.swift; sourceTree = "<group>"; };
		F41327E0247FA53A00BC1228 /* BreachRouter.swift */ = {isa = PBXFileReference; lastKnownFileType = sourcecode.swift; path = BreachRouter.swift; sourceTree = "<group>"; };
		F41327E2247FA5B400BC1228 /* BreachRouterTests.swift */ = {isa = PBXFileReference; lastKnownFileType = sourcecode.swift; path = BreachRouterTests.swift; sourceTree = "<group>"; };
		F42C316A2465ADB20017DFF0 /* SegmentViewTest.swift */ = {isa = PBXFileReference; lastKnownFileType = sourcecode.swift; path = SegmentViewTest.swift; sourceTree = "<group>"; };
		F459E9D62490CB9E005C1408 /* Hashable+Equtable.swift */ = {isa = PBXFileReference; lastKnownFileType = sourcecode.swift; path = "Hashable+Equtable.swift"; sourceTree = "<group>"; };
		F47CD0B6245F462A00280E3B /* Mini Tool.app */ = {isa = PBXFileReference; explicitFileType = wrapper.application; includeInIndex = 0; path = "Mini Tool.app"; sourceTree = BUILT_PRODUCTS_DIR; };
		F47CD0B9245F462A00280E3B /* AppDelegate.swift */ = {isa = PBXFileReference; lastKnownFileType = sourcecode.swift; path = AppDelegate.swift; sourceTree = "<group>"; };
		F47CD0C2245F462B00280E3B /* Assets.xcassets */ = {isa = PBXFileReference; lastKnownFileType = folder.assetcatalog; path = Assets.xcassets; sourceTree = "<group>"; };
		F47CD0C5245F462B00280E3B /* Base */ = {isa = PBXFileReference; lastKnownFileType = file.storyboard; name = Base; path = Base.lproj/LaunchScreen.storyboard; sourceTree = "<group>"; };
		F47CD0C7245F462B00280E3B /* Info.plist */ = {isa = PBXFileReference; lastKnownFileType = text.plist.xml; path = Info.plist; sourceTree = "<group>"; };
		F47CD0CC245F462B00280E3B /* Mini ToolTests.xctest */ = {isa = PBXFileReference; explicitFileType = wrapper.cfbundle; includeInIndex = 0; path = "Mini ToolTests.xctest"; sourceTree = BUILT_PRODUCTS_DIR; };
		F47CD0D0245F462B00280E3B /* BreachViewControllerTest.swift */ = {isa = PBXFileReference; lastKnownFileType = sourcecode.swift; path = BreachViewControllerTest.swift; sourceTree = "<group>"; };
		F47CD0D2245F462B00280E3B /* Info.plist */ = {isa = PBXFileReference; lastKnownFileType = text.plist.xml; path = Info.plist; sourceTree = "<group>"; };
		F4967842249E280700CA993D /* UIColor+Extension.swift */ = {isa = PBXFileReference; lastKnownFileType = sourcecode.swift; path = "UIColor+Extension.swift"; sourceTree = "<group>"; };
		F4967844249E320000CA993D /* ColorProviders.swift */ = {isa = PBXFileReference; lastKnownFileType = sourcecode.swift; path = ColorProviders.swift; sourceTree = "<group>"; };
		F4A06A5E246AB15500D37733 /* ColoredBreachViewController.swift */ = {isa = PBXFileReference; lastKnownFileType = sourcecode.swift; path = ColoredBreachViewController.swift; sourceTree = "<group>"; };
		F4A06A60246AB24900D37733 /* ColoredBreachViewController.xib */ = {isa = PBXFileReference; lastKnownFileType = file.xib; path = ColoredBreachViewController.xib; sourceTree = "<group>"; };
		F4A06A63246AB6BF00D37733 /* ColoredSegment.swift */ = {isa = PBXFileReference; lastKnownFileType = sourcecode.swift; path = ColoredSegment.swift; sourceTree = "<group>"; };
		F4A649D0248966CC002569AE /* UIViewHelpers.swift */ = {isa = PBXFileReference; lastKnownFileType = sourcecode.swift; path = UIViewHelpers.swift; sourceTree = "<group>"; };
		F4A7B305248576F70069114E /* BreachComposerTest.swift */ = {isa = PBXFileReference; lastKnownFileType = sourcecode.swift; path = BreachComposerTest.swift; sourceTree = "<group>"; };
		F4C0647F24A0E6F500962F86 /* StringSegment.swift */ = {isa = PBXFileReference; lastKnownFileType = sourcecode.swift; path = StringSegment.swift; sourceTree = "<group>"; };
		F4C0648124A0E70A00962F86 /* Segment.swift */ = {isa = PBXFileReference; lastKnownFileType = sourcecode.swift; path = Segment.swift; sourceTree = "<group>"; };
		F4DCB934248B85A4006E2254 /* ColorProviderTest.swift */ = {isa = PBXFileReference; lastKnownFileType = sourcecode.swift; path = ColorProviderTest.swift; sourceTree = "<group>"; };
		F4F00F58248443870007A7F9 /* ColoredBreachComposer.swift */ = {isa = PBXFileReference; lastKnownFileType = sourcecode.swift; path = ColoredBreachComposer.swift; sourceTree = "<group>"; };
		F4F845A22466BD320097B238 /* ColoredSegmentViewCell.swift */ = {isa = PBXFileReference; lastKnownFileType = sourcecode.swift; path = ColoredSegmentViewCell.swift; sourceTree = "<group>"; };
/* End PBXFileReference section */

/* Begin PBXFrameworksBuildPhase section */
		F47CD0B3245F462A00280E3B /* Frameworks */ = {
			isa = PBXFrameworksBuildPhase;
			buildActionMask = 2147483647;
			files = (
				F44A0F87247D75E600AA4AF6 /* WY Mini Tool Engine in Frameworks */,
				F4CE4AD7246C6C2D00989B28 /* SwiftFormat in Frameworks */,
			);
			runOnlyForDeploymentPostprocessing = 0;
		};
		F47CD0C9245F462B00280E3B /* Frameworks */ = {
			isa = PBXFrameworksBuildPhase;
			buildActionMask = 2147483647;
			files = (
			);
			runOnlyForDeploymentPostprocessing = 0;
		};
/* End PBXFrameworksBuildPhase section */

/* Begin PBXGroup section */
		F40FFA65246D301D008632CB /* Main */ = {
			isa = PBXGroup;
			children = (
				F40FFA66246D3039008632CB /* MiniToolController.xib */,
				F40FFA68246D3046008632CB /* MiniToolController.swift */,
			);
			path = Main;
			sourceTree = "<group>";
		};
		F467B85E24606225005EFEE5 /* Supporting Files */ = {
			isa = PBXGroup;
			children = (
				F47CD0C4245F462B00280E3B /* LaunchScreen.storyboard */,
				F47CD0C7245F462B00280E3B /* Info.plist */,
				F47CD0C2245F462B00280E3B /* Assets.xcassets */,
			);
			path = "Supporting Files";
			sourceTree = "<group>";
		};
		F467B85F24606245005EFEE5 /* Presentation */ = {
			isa = PBXGroup;
			children = (
				F47CD0B9245F462A00280E3B /* AppDelegate.swift */,
				F4DDE31C2473C09D006EA6FF /* Helpers */,
				F40FFA65246D301D008632CB /* Main */,
				F4A06A5D246AB14300D37733 /* Segment */,
				F4A06A5C246AB13D00D37733 /* Breach */,
			);
			path = Presentation;
			sourceTree = "<group>";
		};
		F47CD0AD245F462A00280E3B = {
			isa = PBXGroup;
			children = (
				F47CD0B8245F462A00280E3B /* Mini Tool */,
				F47CD0CF245F462B00280E3B /* Mini ToolTests */,
				F47CD0B7245F462A00280E3B /* Products */,
			);
			sourceTree = "<group>";
		};
		F47CD0B7245F462A00280E3B /* Products */ = {
			isa = PBXGroup;
			children = (
				F47CD0B6245F462A00280E3B /* Mini Tool.app */,
				F47CD0CC245F462B00280E3B /* Mini ToolTests.xctest */,
			);
			name = Products;
			sourceTree = "<group>";
		};
		F47CD0B8245F462A00280E3B /* Mini Tool */ = {
			isa = PBXGroup;
			children = (
				F4A06A62246AB69600D37733 /* Models */,
				F467B85F24606245005EFEE5 /* Presentation */,
				F467B85E24606225005EFEE5 /* Supporting Files */,
			);
			path = "Mini Tool";
			sourceTree = "<group>";
		};
		F47CD0CF245F462B00280E3B /* Mini ToolTests */ = {
			isa = PBXGroup;
			children = (
				F47CD0D0245F462B00280E3B /* BreachViewControllerTest.swift */,
				F42C316A2465ADB20017DFF0 /* SegmentViewTest.swift */,
				F41327E2247FA5B400BC1228 /* BreachRouterTests.swift */,
				F4A7B305248576F70069114E /* BreachComposerTest.swift */,
				F4DCB934248B85A4006E2254 /* ColorProviderTest.swift */,
				F47CD0D2245F462B00280E3B /* Info.plist */,
			);
			path = "Mini ToolTests";
			sourceTree = "<group>";
		};
		F4A06A5C246AB13D00D37733 /* Breach */ = {
			isa = PBXGroup;
			children = (
				F4A06A60246AB24900D37733 /* ColoredBreachViewController.xib */,
				F4A06A5E246AB15500D37733 /* ColoredBreachViewController.swift */,
				F41327E0247FA53A00BC1228 /* BreachRouter.swift */,
				F4F00F58248443870007A7F9 /* ColoredBreachComposer.swift */,
			);
			path = Breach;
			sourceTree = "<group>";
		};
		F4A06A5D246AB14300D37733 /* Segment */ = {
			isa = PBXGroup;
			children = (
				F408A21F246DB680009B9203 /* ColoredSegmentViewCell.xib */,
				F4F845A22466BD320097B238 /* ColoredSegmentViewCell.swift */,
			);
			path = Segment;
			sourceTree = "<group>";
		};
		F4A06A62246AB69600D37733 /* Models */ = {
			isa = PBXGroup;
			children = (
				F4A06A63246AB6BF00D37733 /* ColoredSegment.swift */,
				F4C0647F24A0E6F500962F86 /* StringSegment.swift */,
				F4967844249E320000CA993D /* ColorProviders.swift */,
				F4C0648124A0E70A00962F86 /* Segment.swift */,
			);
			path = Models;
			sourceTree = "<group>";
		};
		F4DDE31C2473C09D006EA6FF /* Helpers */ = {
			isa = PBXGroup;
			children = (
				F408A221246DC06B009B9203 /* CollectionViewHelpers.swift */,
				F4A649D0248966CC002569AE /* UIViewHelpers.swift */,
				F459E9D62490CB9E005C1408 /* Hashable+Equtable.swift */,
				F4967842249E280700CA993D /* UIColor+Extension.swift */,
			);
			path = Helpers;
			sourceTree = "<group>";
		};
/* End PBXGroup section */

/* Begin PBXNativeTarget section */
		F47CD0B5245F462A00280E3B /* Mini Tool */ = {
			isa = PBXNativeTarget;
			buildConfigurationList = F47CD0D5245F462B00280E3B /* Build configuration list for PBXNativeTarget "Mini Tool" */;
			buildPhases = (
				F47CD0B2245F462A00280E3B /* Sources */,
				F47CD0B3245F462A00280E3B /* Frameworks */,
				F47CD0B4245F462A00280E3B /* Resources */,
				F4E94B1B246D1BA40030C558 /* Swift format */,
			);
			buildRules = (
			);
			dependencies = (
			);
			name = "Mini Tool";
			packageProductDependencies = (
				F4CE4AD6246C6C2D00989B28 /* SwiftFormat */,
				F44A0F86247D75E600AA4AF6 /* WY Mini Tool Engine */,
			);
			productName = "Mini Tool";
			productReference = F47CD0B6245F462A00280E3B /* Mini Tool.app */;
			productType = "com.apple.product-type.application";
		};
		F47CD0CB245F462B00280E3B /* Mini ToolTests */ = {
			isa = PBXNativeTarget;
			buildConfigurationList = F47CD0D8245F462B00280E3B /* Build configuration list for PBXNativeTarget "Mini ToolTests" */;
			buildPhases = (
				F47CD0C8245F462B00280E3B /* Sources */,
				F47CD0C9245F462B00280E3B /* Frameworks */,
				F47CD0CA245F462B00280E3B /* Resources */,
			);
			buildRules = (
			);
			dependencies = (
				F47CD0CE245F462B00280E3B /* PBXTargetDependency */,
			);
			name = "Mini ToolTests";
			productName = "Mini ToolTests";
			productReference = F47CD0CC245F462B00280E3B /* Mini ToolTests.xctest */;
			productType = "com.apple.product-type.bundle.unit-test";
		};
/* End PBXNativeTarget section */

/* Begin PBXProject section */
		F47CD0AE245F462A00280E3B /* Project object */ = {
			isa = PBXProject;
			attributes = {
				LastSwiftUpdateCheck = 1140;
				LastUpgradeCheck = 1140;
				ORGANIZATIONNAME = Nirma;
				TargetAttributes = {
					F47CD0B5245F462A00280E3B = {
						CreatedOnToolsVersion = 11.4.1;
					};
					F47CD0CB245F462B00280E3B = {
						CreatedOnToolsVersion = 11.4.1;
						TestTargetID = F47CD0B5245F462A00280E3B;
					};
				};
			};
			buildConfigurationList = F47CD0B1245F462A00280E3B /* Build configuration list for PBXProject "Mini Tool" */;
			compatibilityVersion = "Xcode 9.3";
			developmentRegion = en;
			hasScannedForEncodings = 0;
			knownRegions = (
				en,
				Base,
			);
			mainGroup = F47CD0AD245F462A00280E3B;
			packageReferences = (
				F4CE4AD5246C6C2D00989B28 /* XCRemoteSwiftPackageReference "SwiftFormat" */,
				F44A0F85247D75E600AA4AF6 /* XCRemoteSwiftPackageReference "WY-Mini-Tool-Engine" */,
			);
			productRefGroup = F47CD0B7245F462A00280E3B /* Products */;
			projectDirPath = "";
			projectRoot = "";
			targets = (
				F47CD0B5245F462A00280E3B /* Mini Tool */,
				F47CD0CB245F462B00280E3B /* Mini ToolTests */,
			);
		};
/* End PBXProject section */

/* Begin PBXResourcesBuildPhase section */
		F47CD0B4245F462A00280E3B /* Resources */ = {
			isa = PBXResourcesBuildPhase;
			buildActionMask = 2147483647;
			files = (
				F47CD0C6245F462B00280E3B /* LaunchScreen.storyboard in Resources */,
				F4A06A61246AB24900D37733 /* ColoredBreachViewController.xib in Resources */,
				F408A220246DB680009B9203 /* ColoredSegmentViewCell.xib in Resources */,
				F40FFA67246D3039008632CB /* MiniToolController.xib in Resources */,
				F47CD0C3245F462B00280E3B /* Assets.xcassets in Resources */,
			);
			runOnlyForDeploymentPostprocessing = 0;
		};
		F47CD0CA245F462B00280E3B /* Resources */ = {
			isa = PBXResourcesBuildPhase;
			buildActionMask = 2147483647;
			files = (
			);
			runOnlyForDeploymentPostprocessing = 0;
		};
/* End PBXResourcesBuildPhase section */

/* Begin PBXShellScriptBuildPhase section */
		F4E94B1B246D1BA40030C558 /* Swift format */ = {
			isa = PBXShellScriptBuildPhase;
			buildActionMask = 2147483647;
			files = (
			);
			inputFileListPaths = (
			);
			inputPaths = (
			);
			name = "Swift format";
			outputFileListPaths = (
			);
			outputPaths = (
			);
			runOnlyForDeploymentPostprocessing = 0;
			shellPath = /bin/sh;
			shellScript = "if which swiftformat >/dev/null; then\n  swiftformat --lint --lenient --verbose .\nelse\n  echo \"warning: SwiftFormat not installed, download from https://github.com/nicklockwood/SwiftFormat\"\nfi\n";
		};
/* End PBXShellScriptBuildPhase section */

/* Begin PBXSourcesBuildPhase section */
		F47CD0B2245F462A00280E3B /* Sources */ = {
			isa = PBXSourcesBuildPhase;
			buildActionMask = 2147483647;
			files = (
				F4967845249E320000CA993D /* ColorProviders.swift in Sources */,
				F4C0648024A0E6F500962F86 /* StringSegment.swift in Sources */,
				F40FFA69246D3046008632CB /* MiniToolController.swift in Sources */,
				F4C0648224A0E70A00962F86 /* Segment.swift in Sources */,
				F4A06A64246AB6BF00D37733 /* ColoredSegment.swift in Sources */,
				F459E9D72490CB9E005C1408 /* Hashable+Equtable.swift in Sources */,
				F4967843249E280700CA993D /* UIColor+Extension.swift in Sources */,
				F4A649D1248966CC002569AE /* UIViewHelpers.swift in Sources */,
				F41327E1247FA53A00BC1228 /* BreachRouter.swift in Sources */,
				F408A222246DC06B009B9203 /* CollectionViewHelpers.swift in Sources */,
				F4F00F59248443870007A7F9 /* ColoredBreachComposer.swift in Sources */,
				F4A06A5F246AB15500D37733 /* ColoredBreachViewController.swift in Sources */,
				F4F845A32466BD320097B238 /* ColoredSegmentViewCell.swift in Sources */,
				F47CD0BA245F462A00280E3B /* AppDelegate.swift in Sources */,
			);
			runOnlyForDeploymentPostprocessing = 0;
		};
		F47CD0C8245F462B00280E3B /* Sources */ = {
			isa = PBXSourcesBuildPhase;
			buildActionMask = 2147483647;
			files = (
				F4A7B306248576F70069114E /* BreachComposerTest.swift in Sources */,
				F41327E3247FA5B400BC1228 /* BreachRouterTests.swift in Sources */,
				F4DCB935248B85A4006E2254 /* ColorProviderTest.swift in Sources */,
				F42C316B2465ADB20017DFF0 /* SegmentViewTest.swift in Sources */,
				F47CD0D1245F462B00280E3B /* BreachViewControllerTest.swift in Sources */,
			);
			runOnlyForDeploymentPostprocessing = 0;
		};
/* End PBXSourcesBuildPhase section */

/* Begin PBXTargetDependency section */
		F47CD0CE245F462B00280E3B /* PBXTargetDependency */ = {
			isa = PBXTargetDependency;
			target = F47CD0B5245F462A00280E3B /* Mini Tool */;
			targetProxy = F47CD0CD245F462B00280E3B /* PBXContainerItemProxy */;
		};
/* End PBXTargetDependency section */

/* Begin PBXVariantGroup section */
		F47CD0C4245F462B00280E3B /* LaunchScreen.storyboard */ = {
			isa = PBXVariantGroup;
			children = (
				F47CD0C5245F462B00280E3B /* Base */,
			);
			name = LaunchScreen.storyboard;
			sourceTree = "<group>";
		};
/* End PBXVariantGroup section */

/* Begin XCBuildConfiguration section */
		F47CD0D3245F462B00280E3B /* Debug */ = {
			isa = XCBuildConfiguration;
			buildSettings = {
				ALWAYS_SEARCH_USER_PATHS = NO;
				CLANG_ANALYZER_NONNULL = YES;
				CLANG_ANALYZER_NUMBER_OBJECT_CONVERSION = YES_AGGRESSIVE;
				CLANG_CXX_LANGUAGE_STANDARD = "gnu++14";
				CLANG_CXX_LIBRARY = "libc++";
				CLANG_ENABLE_MODULES = YES;
				CLANG_ENABLE_OBJC_ARC = YES;
				CLANG_ENABLE_OBJC_WEAK = YES;
				CLANG_WARN_BLOCK_CAPTURE_AUTORELEASING = YES;
				CLANG_WARN_BOOL_CONVERSION = YES;
				CLANG_WARN_COMMA = YES;
				CLANG_WARN_CONSTANT_CONVERSION = YES;
				CLANG_WARN_DEPRECATED_OBJC_IMPLEMENTATIONS = YES;
				CLANG_WARN_DIRECT_OBJC_ISA_USAGE = YES_ERROR;
				CLANG_WARN_DOCUMENTATION_COMMENTS = YES;
				CLANG_WARN_EMPTY_BODY = YES;
				CLANG_WARN_ENUM_CONVERSION = YES;
				CLANG_WARN_INFINITE_RECURSION = YES;
				CLANG_WARN_INT_CONVERSION = YES;
				CLANG_WARN_NON_LITERAL_NULL_CONVERSION = YES;
				CLANG_WARN_OBJC_IMPLICIT_RETAIN_SELF = YES;
				CLANG_WARN_OBJC_LITERAL_CONVERSION = YES;
				CLANG_WARN_OBJC_ROOT_CLASS = YES_ERROR;
				CLANG_WARN_RANGE_LOOP_ANALYSIS = YES;
				CLANG_WARN_STRICT_PROTOTYPES = YES;
				CLANG_WARN_SUSPICIOUS_MOVE = YES;
				CLANG_WARN_UNGUARDED_AVAILABILITY = YES_AGGRESSIVE;
				CLANG_WARN_UNREACHABLE_CODE = YES;
				CLANG_WARN__DUPLICATE_METHOD_MATCH = YES;
				COPY_PHASE_STRIP = NO;
				DEBUG_INFORMATION_FORMAT = dwarf;
				ENABLE_STRICT_OBJC_MSGSEND = YES;
				ENABLE_TESTABILITY = YES;
				GCC_C_LANGUAGE_STANDARD = gnu11;
				GCC_DYNAMIC_NO_PIC = NO;
				GCC_NO_COMMON_BLOCKS = YES;
				GCC_OPTIMIZATION_LEVEL = 0;
				GCC_PREPROCESSOR_DEFINITIONS = (
					"DEBUG=1",
					"$(inherited)",
				);
				GCC_WARN_64_TO_32_BIT_CONVERSION = YES;
				GCC_WARN_ABOUT_RETURN_TYPE = YES_ERROR;
				GCC_WARN_UNDECLARED_SELECTOR = YES;
				GCC_WARN_UNINITIALIZED_AUTOS = YES_AGGRESSIVE;
				GCC_WARN_UNUSED_FUNCTION = YES;
				GCC_WARN_UNUSED_VARIABLE = YES;
				IPHONEOS_DEPLOYMENT_TARGET = 13.4;
				MTL_ENABLE_DEBUG_INFO = INCLUDE_SOURCE;
				MTL_FAST_MATH = YES;
				ONLY_ACTIVE_ARCH = YES;
				SDKROOT = iphoneos;
				SWIFT_ACTIVE_COMPILATION_CONDITIONS = DEBUG;
				SWIFT_OPTIMIZATION_LEVEL = "-Onone";
			};
			name = Debug;
		};
		F47CD0D4245F462B00280E3B /* Release */ = {
			isa = XCBuildConfiguration;
			buildSettings = {
				ALWAYS_SEARCH_USER_PATHS = NO;
				CLANG_ANALYZER_NONNULL = YES;
				CLANG_ANALYZER_NUMBER_OBJECT_CONVERSION = YES_AGGRESSIVE;
				CLANG_CXX_LANGUAGE_STANDARD = "gnu++14";
				CLANG_CXX_LIBRARY = "libc++";
				CLANG_ENABLE_MODULES = YES;
				CLANG_ENABLE_OBJC_ARC = YES;
				CLANG_ENABLE_OBJC_WEAK = YES;
				CLANG_WARN_BLOCK_CAPTURE_AUTORELEASING = YES;
				CLANG_WARN_BOOL_CONVERSION = YES;
				CLANG_WARN_COMMA = YES;
				CLANG_WARN_CONSTANT_CONVERSION = YES;
				CLANG_WARN_DEPRECATED_OBJC_IMPLEMENTATIONS = YES;
				CLANG_WARN_DIRECT_OBJC_ISA_USAGE = YES_ERROR;
				CLANG_WARN_DOCUMENTATION_COMMENTS = YES;
				CLANG_WARN_EMPTY_BODY = YES;
				CLANG_WARN_ENUM_CONVERSION = YES;
				CLANG_WARN_INFINITE_RECURSION = YES;
				CLANG_WARN_INT_CONVERSION = YES;
				CLANG_WARN_NON_LITERAL_NULL_CONVERSION = YES;
				CLANG_WARN_OBJC_IMPLICIT_RETAIN_SELF = YES;
				CLANG_WARN_OBJC_LITERAL_CONVERSION = YES;
				CLANG_WARN_OBJC_ROOT_CLASS = YES_ERROR;
				CLANG_WARN_RANGE_LOOP_ANALYSIS = YES;
				CLANG_WARN_STRICT_PROTOTYPES = YES;
				CLANG_WARN_SUSPICIOUS_MOVE = YES;
				CLANG_WARN_UNGUARDED_AVAILABILITY = YES_AGGRESSIVE;
				CLANG_WARN_UNREACHABLE_CODE = YES;
				CLANG_WARN__DUPLICATE_METHOD_MATCH = YES;
				COPY_PHASE_STRIP = NO;
				DEBUG_INFORMATION_FORMAT = "dwarf-with-dsym";
				ENABLE_NS_ASSERTIONS = NO;
				ENABLE_STRICT_OBJC_MSGSEND = YES;
				GCC_C_LANGUAGE_STANDARD = gnu11;
				GCC_NO_COMMON_BLOCKS = YES;
				GCC_WARN_64_TO_32_BIT_CONVERSION = YES;
				GCC_WARN_ABOUT_RETURN_TYPE = YES_ERROR;
				GCC_WARN_UNDECLARED_SELECTOR = YES;
				GCC_WARN_UNINITIALIZED_AUTOS = YES_AGGRESSIVE;
				GCC_WARN_UNUSED_FUNCTION = YES;
				GCC_WARN_UNUSED_VARIABLE = YES;
				IPHONEOS_DEPLOYMENT_TARGET = 13.4;
				MTL_ENABLE_DEBUG_INFO = NO;
				MTL_FAST_MATH = YES;
				SDKROOT = iphoneos;
				SWIFT_COMPILATION_MODE = wholemodule;
				SWIFT_OPTIMIZATION_LEVEL = "-O";
				VALIDATE_PRODUCT = YES;
			};
			name = Release;
		};
		F47CD0D6245F462B00280E3B /* Debug */ = {
			isa = XCBuildConfiguration;
			buildSettings = {
				ASSETCATALOG_COMPILER_APPICON_NAME = AppIcon;
				CODE_SIGN_STYLE = Automatic;
				DEVELOPMENT_TEAM = U9A52X52G8;
				INFOPLIST_FILE = "$(SRCROOT)/Mini Tool/Supporting Files/Info.plist";
				IPHONEOS_DEPLOYMENT_TARGET = 11.0;
				LD_RUNPATH_SEARCH_PATHS = (
					"$(inherited)",
					"@executable_path/Frameworks",
				);
				PRODUCT_BUNDLE_IDENTIFIER = "com.wu.Mini-Tool";
				PRODUCT_NAME = "$(TARGET_NAME)";
				SWIFT_VERSION = 5.0;
				TARGETED_DEVICE_FAMILY = 1;
			};
			name = Debug;
		};
		F47CD0D7245F462B00280E3B /* Release */ = {
			isa = XCBuildConfiguration;
			buildSettings = {
				ASSETCATALOG_COMPILER_APPICON_NAME = AppIcon;
				CODE_SIGN_STYLE = Automatic;
				DEVELOPMENT_TEAM = U9A52X52G8;
				INFOPLIST_FILE = "$(SRCROOT)/Mini Tool/Supporting Files/Info.plist";
				IPHONEOS_DEPLOYMENT_TARGET = 11.0;
				LD_RUNPATH_SEARCH_PATHS = (
					"$(inherited)",
					"@executable_path/Frameworks",
				);
				PRODUCT_BUNDLE_IDENTIFIER = "com.wu.Mini-Tool";
				PRODUCT_NAME = "$(TARGET_NAME)";
				SWIFT_VERSION = 5.0;
				TARGETED_DEVICE_FAMILY = 1;
			};
			name = Release;
		};
		F47CD0D9245F462B00280E3B /* Debug */ = {
			isa = XCBuildConfiguration;
			buildSettings = {
				ALWAYS_EMBED_SWIFT_STANDARD_LIBRARIES = YES;
				BUNDLE_LOADER = "$(TEST_HOST)";
				CODE_SIGN_STYLE = Automatic;
				DEVELOPMENT_TEAM = U9A52X52G8;
				INFOPLIST_FILE = "Mini ToolTests/Info.plist";
				IPHONEOS_DEPLOYMENT_TARGET = 13.4;
				LD_RUNPATH_SEARCH_PATHS = (
					"$(inherited)",
					"@executable_path/Frameworks",
					"@loader_path/Frameworks",
				);
				PRODUCT_BUNDLE_IDENTIFIER = "com.wu.Mini-ToolTests";
				PRODUCT_NAME = "$(TARGET_NAME)";
				SWIFT_VERSION = 5.0;
				TARGETED_DEVICE_FAMILY = "1,2";
				TEST_HOST = "$(BUILT_PRODUCTS_DIR)/Mini Tool.app/Mini Tool";
			};
			name = Debug;
		};
		F47CD0DA245F462B00280E3B /* Release */ = {
			isa = XCBuildConfiguration;
			buildSettings = {
				ALWAYS_EMBED_SWIFT_STANDARD_LIBRARIES = YES;
				BUNDLE_LOADER = "$(TEST_HOST)";
				CODE_SIGN_STYLE = Automatic;
				DEVELOPMENT_TEAM = U9A52X52G8;
				INFOPLIST_FILE = "Mini ToolTests/Info.plist";
				IPHONEOS_DEPLOYMENT_TARGET = 13.4;
				LD_RUNPATH_SEARCH_PATHS = (
					"$(inherited)",
					"@executable_path/Frameworks",
					"@loader_path/Frameworks",
				);
				PRODUCT_BUNDLE_IDENTIFIER = "com.wu.Mini-ToolTests";
				PRODUCT_NAME = "$(TARGET_NAME)";
				SWIFT_VERSION = 5.0;
				TARGETED_DEVICE_FAMILY = "1,2";
				TEST_HOST = "$(BUILT_PRODUCTS_DIR)/Mini Tool.app/Mini Tool";
			};
			name = Release;
		};
/* End XCBuildConfiguration section */

/* Begin XCConfigurationList section */
		F47CD0B1245F462A00280E3B /* Build configuration list for PBXProject "Mini Tool" */ = {
			isa = XCConfigurationList;
			buildConfigurations = (
				F47CD0D3245F462B00280E3B /* Debug */,
				F47CD0D4245F462B00280E3B /* Release */,
			);
			defaultConfigurationIsVisible = 0;
			defaultConfigurationName = Release;
		};
		F47CD0D5245F462B00280E3B /* Build configuration list for PBXNativeTarget "Mini Tool" */ = {
			isa = XCConfigurationList;
			buildConfigurations = (
				F47CD0D6245F462B00280E3B /* Debug */,
				F47CD0D7245F462B00280E3B /* Release */,
			);
			defaultConfigurationIsVisible = 0;
			defaultConfigurationName = Release;
		};
		F47CD0D8245F462B00280E3B /* Build configuration list for PBXNativeTarget "Mini ToolTests" */ = {
			isa = XCConfigurationList;
			buildConfigurations = (
				F47CD0D9245F462B00280E3B /* Debug */,
				F47CD0DA245F462B00280E3B /* Release */,
			);
			defaultConfigurationIsVisible = 0;
			defaultConfigurationName = Release;
		};
/* End XCConfigurationList section */

/* Begin XCRemoteSwiftPackageReference section */
		F44A0F85247D75E600AA4AF6 /* XCRemoteSwiftPackageReference "WY-Mini-Tool-Engine" */ = {
			isa = XCRemoteSwiftPackageReference;
			repositoryURL = "https://github.com/NateCost/WY-Mini-Tool-Engine.git";
			requirement = {
				kind = upToNextMajorVersion;
				minimumVersion = 0.1.0;
			};
		};
		F4CE4AD5246C6C2D00989B28 /* XCRemoteSwiftPackageReference "SwiftFormat" */ = {
			isa = XCRemoteSwiftPackageReference;
			repositoryURL = "https://github.com/nicklockwood/SwiftFormat";
			requirement = {
				kind = upToNextMajorVersion;
				minimumVersion = 0.44.9;
			};
		};
/* End XCRemoteSwiftPackageReference section */

/* Begin XCSwiftPackageProductDependency section */
		F44A0F86247D75E600AA4AF6 /* WY Mini Tool Engine */ = {
			isa = XCSwiftPackageProductDependency;
			package = F44A0F85247D75E600AA4AF6 /* XCRemoteSwiftPackageReference "WY-Mini-Tool-Engine" */;
			productName = "WY Mini Tool Engine";
		};
		F4CE4AD6246C6C2D00989B28 /* SwiftFormat */ = {
			isa = XCSwiftPackageProductDependency;
			package = F4CE4AD5246C6C2D00989B28 /* XCRemoteSwiftPackageReference "SwiftFormat" */;
			productName = SwiftFormat;
		};
/* End XCSwiftPackageProductDependency section */
	};
	rootObject = F47CD0AE245F462A00280E3B /* Project object */;
}
